
Microsoft Visual Studio Solution File, Format Version 12.00
# Visual Studio Version 16
VisualStudioVersion = 16.0.28711.165
MinimumVisualStudioVersion = 10.0.40219.1
Project("{2150E333-8FDC-42A3-9474-1A3956D46DE8}") = "Solution Items", "Solution Items", "{6D98AAB1-8447-4EE8-8428-532A8A948271}"
	ProjectSection(SolutionItems) = preProject
		.editorconfig = .editorconfig
		.gitattributes = .gitattributes
		.gitignore = .gitignore
		Directory.Build.props = Directory.Build.props
		Directory.Build.targets = Directory.Build.targets
		HardwareIntrinsicsDemo.snk = HardwareIntrinsicsDemo.snk
		LICENSE.md = LICENSE.md
	EndProjectSection
EndProject
Project("{2150E333-8FDC-42A3-9474-1A3956D46DE8}") = "sources", "sources", "{66314BF8-A945-4A41-BFFF-774468E5F567}"
EndProject
Project("{9A19103F-16F7-4668-BE54-9A1E7A4F7556}") = "Mathematics", "Mathematics\Mathematics.csproj", "{866CE41F-DD9A-496A-B5FD-D17B9CB51383}"
EndProject
Project("{9A19103F-16F7-4668-BE54-9A1E7A4F7556}") = "WpfApp", "WpfApp\WpfApp.csproj", "{109FD4B3-88AC-4C86-AB3E-F8EBE1E5B210}"
EndProject
Global
	GlobalSection(SolutionConfigurationPlatforms) = preSolution
		Debug|Any CPU = Debug|Any CPU
		Release|Any CPU = Release|Any CPU
	EndGlobalSection
	GlobalSection(ProjectConfigurationPlatforms) = postSolution
		{866CE41F-DD9A-496A-B5FD-D17B9CB51383}.Debug|Any CPU.ActiveCfg = Debug|Any CPU
		{866CE41F-DD9A-496A-B5FD-D17B9CB51383}.Debug|Any CPU.Build.0 = Debug|Any CPU
		{866CE41F-DD9A-496A-B5FD-D17B9CB51383}.Release|Any CPU.ActiveCfg = Release|Any CPU
		{866CE41F-DD9A-496A-B5FD-D17B9CB51383}.Release|Any CPU.Build.0 = Release|Any CPU
		{109FD4B3-88AC-4C86-AB3E-F8EBE1E5B210}.Debug|Any CPU.ActiveCfg = Debug|Any CPU
		{109FD4B3-88AC-4C86-AB3E-F8EBE1E5B210}.Debug|Any CPU.Build.0 = Debug|Any CPU
		{109FD4B3-88AC-4C86-AB3E-F8EBE1E5B210}.Release|Any CPU.ActiveCfg = Release|Any CPU
		{109FD4B3-88AC-4C86-AB3E-F8EBE1E5B210}.Release|Any CPU.Build.0 = Release|Any CPU
	EndGlobalSection
	GlobalSection(SolutionProperties) = preSolution
		HideSolutionNode = FALSE
	EndGlobalSection
	GlobalSection(NestedProjects) = preSolution
		{866CE41F-DD9A-496A-B5FD-D17B9CB51383} = {66314BF8-A945-4A41-BFFF-774468E5F567}
		{109FD4B3-88AC-4C86-AB3E-F8EBE1E5B210} = {66314BF8-A945-4A41-BFFF-774468E5F567}
	EndGlobalSection
	GlobalSection(ExtensibilityGlobals) = postSolution
		SolutionGuid = {FEAA7B2A-3BA3-4C84-A0CB-D09396D1B62F}
	EndGlobalSection
EndGlobal
